
Microsoft Visual Studio Solution File, Format Version 12.00
# Visual Studio 14
VisualStudioVersion = 14.0.23107.0
MinimumVisualStudioVersion = 10.0.40219.1
Project("{2150E333-8FDC-42A3-9474-1A3956D46DE8}") = "src", "src", "{34C7B078-09D2-4570-9256-ED3EFDF5738A}"
EndProject
Project("{2150E333-8FDC-42A3-9474-1A3956D46DE8}") = "tests", "tests", "{6E8E8519-7BFC-4D00-BE6A-7B67E9CB3FE9}"
EndProject
Project("{2150E333-8FDC-42A3-9474-1A3956D46DE8}") = "demos", "demos", "{C77E04D7-77E0-4F0E-964E-D068E34CAA7A}"
EndProject
Project("{FAE04EC0-301F-11D3-BF4B-00C04F79EFBC}") = "FLExtensions.Common", "FLExtensions.Common\FLExtensions.Common.csproj", "{FE2DB87B-C23B-4F05-8E6F-49C102F2A236}"
EndProject
Project("{FAE04EC0-301F-11D3-BF4B-00C04F79EFBC}") = "FLExtensions.ConsoleDemos", "FLExtensions.ConsoleDemos\FLExtensions.ConsoleDemos.csproj", "{6B2459FF-1341-4F23-9276-299D9BA5FE0D}"
EndProject
Project("{FAE04EC0-301F-11D3-BF4B-00C04F79EFBC}") = "FLExtensions.Painkillers", "FLExtensions.Painkillers\FLExtensions.Painkillers.csproj", "{91DB7CA5-3441-4C04-9BFD-9121B1B99FA9}"
EndProject
Global
	GlobalSection(SolutionConfigurationPlatforms) = preSolution
		Debug|Any CPU = Debug|Any CPU
		Release|Any CPU = Release|Any CPU
	EndGlobalSection
	GlobalSection(ProjectConfigurationPlatforms) = postSolution
		{FE2DB87B-C23B-4F05-8E6F-49C102F2A236}.Debug|Any CPU.ActiveCfg = Debug|Any CPU
		{FE2DB87B-C23B-4F05-8E6F-49C102F2A236}.Debug|Any CPU.Build.0 = Debug|Any CPU
		{FE2DB87B-C23B-4F05-8E6F-49C102F2A236}.Release|Any CPU.ActiveCfg = Release|Any CPU
		{FE2DB87B-C23B-4F05-8E6F-49C102F2A236}.Release|Any CPU.Build.0 = Release|Any CPU
		{6B2459FF-1341-4F23-9276-299D9BA5FE0D}.Debug|Any CPU.ActiveCfg = Debug|Any CPU
		{6B2459FF-1341-4F23-9276-299D9BA5FE0D}.Debug|Any CPU.Build.0 = Debug|Any CPU
		{6B2459FF-1341-4F23-9276-299D9BA5FE0D}.Release|Any CPU.ActiveCfg = Release|Any CPU
		{6B2459FF-1341-4F23-9276-299D9BA5FE0D}.Release|Any CPU.Build.0 = Release|Any CPU
		{91DB7CA5-3441-4C04-9BFD-9121B1B99FA9}.Debug|Any CPU.ActiveCfg = Debug|Any CPU
		{91DB7CA5-3441-4C04-9BFD-9121B1B99FA9}.Debug|Any CPU.Build.0 = Debug|Any CPU
		{91DB7CA5-3441-4C04-9BFD-9121B1B99FA9}.Release|Any CPU.ActiveCfg = Release|Any CPU
		{91DB7CA5-3441-4C04-9BFD-9121B1B99FA9}.Release|Any CPU.Build.0 = Release|Any CPU
	EndGlobalSection
	GlobalSection(SolutionProperties) = preSolution
		HideSolutionNode = FALSE
	EndGlobalSection
	GlobalSection(NestedProjects) = preSolution
		{FE2DB87B-C23B-4F05-8E6F-49C102F2A236} = {34C7B078-09D2-4570-9256-ED3EFDF5738A}
		{6B2459FF-1341-4F23-9276-299D9BA5FE0D} = {C77E04D7-77E0-4F0E-964E-D068E34CAA7A}
		{91DB7CA5-3441-4C04-9BFD-9121B1B99FA9} = {34C7B078-09D2-4570-9256-ED3EFDF5738A}
	EndGlobalSection
EndGlobal
